// !$*UTF8*$!
{
	archiveVersion = 1;
	classes = {
	};
	objectVersion = 50;
	objects = {

/* Begin PBXBuildFile section */
		8980EDF10F34BCD8A18D7B83 /* Pods_WeatherAppUITests.framework in Frameworks */ = {isa = PBXBuildFile; fileRef = 7193E45651CB61BD87DC13DD /* Pods_WeatherAppUITests.framework */; };
		AEFC70E2B0F67FD7976909E1 /* Pods_WeatherApp.framework in Frameworks */ = {isa = PBXBuildFile; fileRef = A95E93B82190F05BC4FD95DD /* Pods_WeatherApp.framework */; };
		C8F83BFF69AEC5CC2BD802C1 /* Pods_WeatherAppTests.framework in Frameworks */ = {isa = PBXBuildFile; fileRef = 6D4B9CCF8A8725AFDA9A078D /* Pods_WeatherAppTests.framework */; };
		F3B94332229523980091ABF0 /* AppDelegate.swift in Sources */ = {isa = PBXBuildFile; fileRef = F3B94331229523980091ABF0 /* AppDelegate.swift */; };
		F3B94334229523980091ABF0 /* ViewControllerMap.swift in Sources */ = {isa = PBXBuildFile; fileRef = F3B94333229523980091ABF0 /* ViewControllerMap.swift */; };
		F3B94337229523980091ABF0 /* Main.storyboard in Resources */ = {isa = PBXBuildFile; fileRef = F3B94335229523980091ABF0 /* Main.storyboard */; };
		F3B94339229523990091ABF0 /* Assets.xcassets in Resources */ = {isa = PBXBuildFile; fileRef = F3B94338229523990091ABF0 /* Assets.xcassets */; };
		F3B9433C229523990091ABF0 /* LaunchScreen.storyboard in Resources */ = {isa = PBXBuildFile; fileRef = F3B9433A229523990091ABF0 /* LaunchScreen.storyboard */; };
		F3B94347229523990091ABF0 /* WeatherAppTests.swift in Sources */ = {isa = PBXBuildFile; fileRef = F3B94346229523990091ABF0 /* WeatherAppTests.swift */; };
		F3B94352229523990091ABF0 /* WeatherAppUITests.swift in Sources */ = {isa = PBXBuildFile; fileRef = F3B94351229523990091ABF0 /* WeatherAppUITests.swift */; };
		F3B94360229527C90091ABF0 /* CitiesData.swift in Sources */ = {isa = PBXBuildFile; fileRef = F3B9435F229527C90091ABF0 /* CitiesData.swift */; };
		F3B94362229538110091ABF0 /* ViewControllerDetail.swift in Sources */ = {isa = PBXBuildFile; fileRef = F3B94361229538110091ABF0 /* ViewControllerDetail.swift */; };
		F3B94364229554CF0091ABF0 /* RequestApi.swift in Sources */ = {isa = PBXBuildFile; fileRef = F3B94363229554CF0091ABF0 /* RequestApi.swift */; };
/* End PBXBuildFile section */

/* Begin PBXContainerItemProxy section */
		F3B94343229523990091ABF0 /* PBXContainerItemProxy */ = {
			isa = PBXContainerItemProxy;
			containerPortal = F3B94326229523980091ABF0 /* Project object */;
			proxyType = 1;
			remoteGlobalIDString = F3B9432D229523980091ABF0;
			remoteInfo = WeatherApp;
		};
		F3B9434E229523990091ABF0 /* PBXContainerItemProxy */ = {
			isa = PBXContainerItemProxy;
			containerPortal = F3B94326229523980091ABF0 /* Project object */;
			proxyType = 1;
			remoteGlobalIDString = F3B9432D229523980091ABF0;
			remoteInfo = WeatherApp;
		};
/* End PBXContainerItemProxy section */

/* Begin PBXFileReference section */
		20767C3E0113579188ADF6AE /* Pods-WeatherAppTests.release.xcconfig */ = {isa = PBXFileReference; includeInIndex = 1; lastKnownFileType = text.xcconfig; name = "Pods-WeatherAppTests.release.xcconfig"; path = "Target Support Files/Pods-WeatherAppTests/Pods-WeatherAppTests.release.xcconfig"; sourceTree = "<group>"; };
		6061EE76B03E58FB9BCA271D /* Pods-WeatherAppUITests.debug.xcconfig */ = {isa = PBXFileReference; includeInIndex = 1; lastKnownFileType = text.xcconfig; name = "Pods-WeatherAppUITests.debug.xcconfig"; path = "Target Support Files/Pods-WeatherAppUITests/Pods-WeatherAppUITests.debug.xcconfig"; sourceTree = "<group>"; };
		61699853E745F2FE48CF4AF3 /* Pods-WeatherAppTests.debug.xcconfig */ = {isa = PBXFileReference; includeInIndex = 1; lastKnownFileType = text.xcconfig; name = "Pods-WeatherAppTests.debug.xcconfig"; path = "Target Support Files/Pods-WeatherAppTests/Pods-WeatherAppTests.debug.xcconfig"; sourceTree = "<group>"; };
		6D4B9CCF8A8725AFDA9A078D /* Pods_WeatherAppTests.framework */ = {isa = PBXFileReference; explicitFileType = wrapper.framework; includeInIndex = 0; path = Pods_WeatherAppTests.framework; sourceTree = BUILT_PRODUCTS_DIR; };
		7193E45651CB61BD87DC13DD /* Pods_WeatherAppUITests.framework */ = {isa = PBXFileReference; explicitFileType = wrapper.framework; includeInIndex = 0; path = Pods_WeatherAppUITests.framework; sourceTree = BUILT_PRODUCTS_DIR; };
		9CDE674D773517BA275F7489 /* Pods-WeatherApp.debug.xcconfig */ = {isa = PBXFileReference; includeInIndex = 1; lastKnownFileType = text.xcconfig; name = "Pods-WeatherApp.debug.xcconfig"; path = "Target Support Files/Pods-WeatherApp/Pods-WeatherApp.debug.xcconfig"; sourceTree = "<group>"; };
		A95E93B82190F05BC4FD95DD /* Pods_WeatherApp.framework */ = {isa = PBXFileReference; explicitFileType = wrapper.framework; includeInIndex = 0; path = Pods_WeatherApp.framework; sourceTree = BUILT_PRODUCTS_DIR; };
		E9E69E4721AD4E0C74BB6E33 /* Pods-WeatherAppUITests.release.xcconfig */ = {isa = PBXFileReference; includeInIndex = 1; lastKnownFileType = text.xcconfig; name = "Pods-WeatherAppUITests.release.xcconfig"; path = "Target Support Files/Pods-WeatherAppUITests/Pods-WeatherAppUITests.release.xcconfig"; sourceTree = "<group>"; };
		F3B9432E229523980091ABF0 /* WeatherApp.app */ = {isa = PBXFileReference; explicitFileType = wrapper.application; includeInIndex = 0; path = WeatherApp.app; sourceTree = BUILT_PRODUCTS_DIR; };
		F3B94331229523980091ABF0 /* AppDelegate.swift */ = {isa = PBXFileReference; lastKnownFileType = sourcecode.swift; path = AppDelegate.swift; sourceTree = "<group>"; };
		F3B94333229523980091ABF0 /* ViewControllerMap.swift */ = {isa = PBXFileReference; lastKnownFileType = sourcecode.swift; path = ViewControllerMap.swift; sourceTree = "<group>"; };
		F3B94336229523980091ABF0 /* Base */ = {isa = PBXFileReference; lastKnownFileType = file.storyboard; name = Base; path = Base.lproj/Main.storyboard; sourceTree = "<group>"; };
		F3B94338229523990091ABF0 /* Assets.xcassets */ = {isa = PBXFileReference; lastKnownFileType = folder.assetcatalog; path = Assets.xcassets; sourceTree = "<group>"; };
		F3B9433B229523990091ABF0 /* Base */ = {isa = PBXFileReference; lastKnownFileType = file.storyboard; name = Base; path = Base.lproj/LaunchScreen.storyboard; sourceTree = "<group>"; };
		F3B9433D229523990091ABF0 /* Info.plist */ = {isa = PBXFileReference; lastKnownFileType = text.plist.xml; path = Info.plist; sourceTree = "<group>"; };
		F3B94342229523990091ABF0 /* WeatherAppTests.xctest */ = {isa = PBXFileReference; explicitFileType = wrapper.cfbundle; includeInIndex = 0; path = WeatherAppTests.xctest; sourceTree = BUILT_PRODUCTS_DIR; };
		F3B94346229523990091ABF0 /* WeatherAppTests.swift */ = {isa = PBXFileReference; lastKnownFileType = sourcecode.swift; path = WeatherAppTests.swift; sourceTree = "<group>"; };
		F3B94348229523990091ABF0 /* Info.plist */ = {isa = PBXFileReference; lastKnownFileType = text.plist.xml; path = Info.plist; sourceTree = "<group>"; };
		F3B9434D229523990091ABF0 /* WeatherAppUITests.xctest */ = {isa = PBXFileReference; explicitFileType = wrapper.cfbundle; includeInIndex = 0; path = WeatherAppUITests.xctest; sourceTree = BUILT_PRODUCTS_DIR; };
		F3B94351229523990091ABF0 /* WeatherAppUITests.swift */ = {isa = PBXFileReference; lastKnownFileType = sourcecode.swift; path = WeatherAppUITests.swift; sourceTree = "<group>"; };
		F3B94353229523990091ABF0 /* Info.plist */ = {isa = PBXFileReference; lastKnownFileType = text.plist.xml; path = Info.plist; sourceTree = "<group>"; };
		F3B9435F229527C90091ABF0 /* CitiesData.swift */ = {isa = PBXFileReference; lastKnownFileType = sourcecode.swift; path = CitiesData.swift; sourceTree = "<group>"; };
		F3B94361229538110091ABF0 /* ViewControllerDetail.swift */ = {isa = PBXFileReference; lastKnownFileType = sourcecode.swift; path = ViewControllerDetail.swift; sourceTree = "<group>"; };
		F3B94363229554CF0091ABF0 /* RequestApi.swift */ = {isa = PBXFileReference; lastKnownFileType = sourcecode.swift; path = RequestApi.swift; sourceTree = "<group>"; };
		FDBB6378369E408414FC1810 /* Pods-WeatherApp.release.xcconfig */ = {isa = PBXFileReference; includeInIndex = 1; lastKnownFileType = text.xcconfig; name = "Pods-WeatherApp.release.xcconfig"; path = "Target Support Files/Pods-WeatherApp/Pods-WeatherApp.release.xcconfig"; sourceTree = "<group>"; };
/* End PBXFileReference section */

/* Begin PBXFrameworksBuildPhase section */
		F3B9432B229523980091ABF0 /* Frameworks */ = {
			isa = PBXFrameworksBuildPhase;
			buildActionMask = 2147483647;
			files = (
				AEFC70E2B0F67FD7976909E1 /* Pods_WeatherApp.framework in Frameworks */,
			);
			runOnlyForDeploymentPostprocessing = 0;
		};
		F3B9433F229523990091ABF0 /* Frameworks */ = {
			isa = PBXFrameworksBuildPhase;
			buildActionMask = 2147483647;
			files = (
				C8F83BFF69AEC5CC2BD802C1 /* Pods_WeatherAppTests.framework in Frameworks */,
			);
			runOnlyForDeploymentPostprocessing = 0;
		};
		F3B9434A229523990091ABF0 /* Frameworks */ = {
			isa = PBXFrameworksBuildPhase;
			buildActionMask = 2147483647;
			files = (
				8980EDF10F34BCD8A18D7B83 /* Pods_WeatherAppUITests.framework in Frameworks */,
			);
			runOnlyForDeploymentPostprocessing = 0;
		};
/* End PBXFrameworksBuildPhase section */

/* Begin PBXGroup section */
		BC216250AD00ED4F34094C5C /* Pods */ = {
			isa = PBXGroup;
			children = (
				9CDE674D773517BA275F7489 /* Pods-WeatherApp.debug.xcconfig */,
				FDBB6378369E408414FC1810 /* Pods-WeatherApp.release.xcconfig */,
				61699853E745F2FE48CF4AF3 /* Pods-WeatherAppTests.debug.xcconfig */,
				20767C3E0113579188ADF6AE /* Pods-WeatherAppTests.release.xcconfig */,
				6061EE76B03E58FB9BCA271D /* Pods-WeatherAppUITests.debug.xcconfig */,
				E9E69E4721AD4E0C74BB6E33 /* Pods-WeatherAppUITests.release.xcconfig */,
			);
			path = Pods;
			sourceTree = "<group>";
		};
		D9D885A98243A4233861FA03 /* Frameworks */ = {
			isa = PBXGroup;
			children = (
				A95E93B82190F05BC4FD95DD /* Pods_WeatherApp.framework */,
				6D4B9CCF8A8725AFDA9A078D /* Pods_WeatherAppTests.framework */,
				7193E45651CB61BD87DC13DD /* Pods_WeatherAppUITests.framework */,
			);
			name = Frameworks;
			sourceTree = "<group>";
		};
		F3B94325229523980091ABF0 = {
			isa = PBXGroup;
			children = (
				F3B94330229523980091ABF0 /* WeatherApp */,
				F3B94345229523990091ABF0 /* WeatherAppTests */,
				F3B94350229523990091ABF0 /* WeatherAppUITests */,
				F3B9432F229523980091ABF0 /* Products */,
				BC216250AD00ED4F34094C5C /* Pods */,
				D9D885A98243A4233861FA03 /* Frameworks */,
			);
			sourceTree = "<group>";
		};
		F3B9432F229523980091ABF0 /* Products */ = {
			isa = PBXGroup;
			children = (
				F3B9432E229523980091ABF0 /* WeatherApp.app */,
				F3B94342229523990091ABF0 /* WeatherAppTests.xctest */,
				F3B9434D229523990091ABF0 /* WeatherAppUITests.xctest */,
			);
			name = Products;
			sourceTree = "<group>";
		};
		F3B94330229523980091ABF0 /* WeatherApp */ = {
			isa = PBXGroup;
			children = (
				F3B94331229523980091ABF0 /* AppDelegate.swift */,
				F3B94333229523980091ABF0 /* ViewControllerMap.swift */,
				F3B94361229538110091ABF0 /* ViewControllerDetail.swift */,
				F3B94335229523980091ABF0 /* Main.storyboard */,
				F3B94338229523990091ABF0 /* Assets.xcassets */,
				F3B9433A229523990091ABF0 /* LaunchScreen.storyboard */,
				F3B9433D229523990091ABF0 /* Info.plist */,
				F3B9435F229527C90091ABF0 /* CitiesData.swift */,
				F3B94363229554CF0091ABF0 /* RequestApi.swift */,
			);
			path = WeatherApp;
			sourceTree = "<group>";
		};
		F3B94345229523990091ABF0 /* WeatherAppTests */ = {
			isa = PBXGroup;
			children = (
				F3B94346229523990091ABF0 /* WeatherAppTests.swift */,
				F3B94348229523990091ABF0 /* Info.plist */,
			);
			path = WeatherAppTests;
			sourceTree = "<group>";
		};
		F3B94350229523990091ABF0 /* WeatherAppUITests */ = {
			isa = PBXGroup;
			children = (
				F3B94351229523990091ABF0 /* WeatherAppUITests.swift */,
				F3B94353229523990091ABF0 /* Info.plist */,
			);
			path = WeatherAppUITests;
			sourceTree = "<group>";
		};
/* End PBXGroup section */

/* Begin PBXNativeTarget section */
		F3B9432D229523980091ABF0 /* WeatherApp */ = {
			isa = PBXNativeTarget;
			buildConfigurationList = F3B94356229523990091ABF0 /* Build configuration list for PBXNativeTarget "WeatherApp" */;
			buildPhases = (
				5D6CC67F98BEDE84C17F25D8 /* [CP] Check Pods Manifest.lock */,
				F3B9432A229523980091ABF0 /* Sources */,
				F3B9432B229523980091ABF0 /* Frameworks */,
				F3B9432C229523980091ABF0 /* Resources */,
				B5413700B84FDB5C79AE1868 /* [CP] Embed Pods Frameworks */,
			);
			buildRules = (
			);
			dependencies = (
			);
			name = WeatherApp;
			productName = WeatherApp;
			productReference = F3B9432E229523980091ABF0 /* WeatherApp.app */;
			productType = "com.apple.product-type.application";
		};
		F3B94341229523990091ABF0 /* WeatherAppTests */ = {
			isa = PBXNativeTarget;
			buildConfigurationList = F3B94359229523990091ABF0 /* Build configuration list for PBXNativeTarget "WeatherAppTests" */;
			buildPhases = (
				C408BA1E05C3E2B0086CEE5A /* [CP] Check Pods Manifest.lock */,
				F3B9433E229523990091ABF0 /* Sources */,
				F3B9433F229523990091ABF0 /* Frameworks */,
				F3B94340229523990091ABF0 /* Resources */,
			);
			buildRules = (
			);
			dependencies = (
				F3B94344229523990091ABF0 /* PBXTargetDependency */,
			);
			name = WeatherAppTests;
			productName = WeatherAppTests;
			productReference = F3B94342229523990091ABF0 /* WeatherAppTests.xctest */;
			productType = "com.apple.product-type.bundle.unit-test";
		};
		F3B9434C229523990091ABF0 /* WeatherAppUITests */ = {
			isa = PBXNativeTarget;
			buildConfigurationList = F3B9435C229523990091ABF0 /* Build configuration list for PBXNativeTarget "WeatherAppUITests" */;
			buildPhases = (
				D404E837301C9B1C50910F9A /* [CP] Check Pods Manifest.lock */,
				F3B94349229523990091ABF0 /* Sources */,
				F3B9434A229523990091ABF0 /* Frameworks */,
				F3B9434B229523990091ABF0 /* Resources */,
			);
			buildRules = (
			);
			dependencies = (
				F3B9434F229523990091ABF0 /* PBXTargetDependency */,
			);
			name = WeatherAppUITests;
			productName = WeatherAppUITests;
			productReference = F3B9434D229523990091ABF0 /* WeatherAppUITests.xctest */;
			productType = "com.apple.product-type.bundle.ui-testing";
		};
/* End PBXNativeTarget section */

/* Begin PBXProject section */
		F3B94326229523980091ABF0 /* Project object */ = {
			isa = PBXProject;
			attributes = {
				LastSwiftUpdateCheck = 1010;
				LastUpgradeCheck = 1010;
				ORGANIZATIONNAME = "Quentin GUICHAOUA";
				TargetAttributes = {
					F3B9432D229523980091ABF0 = {
						CreatedOnToolsVersion = 10.1;
					};
					F3B94341229523990091ABF0 = {
						CreatedOnToolsVersion = 10.1;
						TestTargetID = F3B9432D229523980091ABF0;
					};
					F3B9434C229523990091ABF0 = {
						CreatedOnToolsVersion = 10.1;
						TestTargetID = F3B9432D229523980091ABF0;
					};
				};
			};
			buildConfigurationList = F3B94329229523980091ABF0 /* Build configuration list for PBXProject "WeatherApp" */;
			compatibilityVersion = "Xcode 9.3";
			developmentRegion = en;
			hasScannedForEncodings = 0;
			knownRegions = (
				en,
				Base,
			);
			mainGroup = F3B94325229523980091ABF0;
			productRefGroup = F3B9432F229523980091ABF0 /* Products */;
			projectDirPath = "";
			projectRoot = "";
			targets = (
				F3B9432D229523980091ABF0 /* WeatherApp */,
				F3B94341229523990091ABF0 /* WeatherAppTests */,
				F3B9434C229523990091ABF0 /* WeatherAppUITests */,
			);
		};
/* End PBXProject section */

/* Begin PBXResourcesBuildPhase section */
		F3B9432C229523980091ABF0 /* Resources */ = {
			isa = PBXResourcesBuildPhase;
			buildActionMask = 2147483647;
			files = (
				F3B9433C229523990091ABF0 /* LaunchScreen.storyboard in Resources */,
				F3B94339229523990091ABF0 /* Assets.xcassets in Resources */,
				F3B94337229523980091ABF0 /* Main.storyboard in Resources */,
			);
			runOnlyForDeploymentPostprocessing = 0;
		};
		F3B94340229523990091ABF0 /* Resources */ = {
			isa = PBXResourcesBuildPhase;
			buildActionMask = 2147483647;
			files = (
			);
			runOnlyForDeploymentPostprocessing = 0;
		};
		F3B9434B229523990091ABF0 /* Resources */ = {
			isa = PBXResourcesBuildPhase;
			buildActionMask = 2147483647;
			files = (
			);
			runOnlyForDeploymentPostprocessing = 0;
		};
/* End PBXResourcesBuildPhase section */

/* Begin PBXShellScriptBuildPhase section */
		5D6CC67F98BEDE84C17F25D8 /* [CP] Check Pods Manifest.lock */ = {
			isa = PBXShellScriptBuildPhase;
			buildActionMask = 2147483647;
			files = (
			);
			inputFileListPaths = (
			);
			inputPaths = (
				"${PODS_PODFILE_DIR_PATH}/Podfile.lock",
				"${PODS_ROOT}/Manifest.lock",
			);
			name = "[CP] Check Pods Manifest.lock";
			outputFileListPaths = (
			);
			outputPaths = (
				"$(DERIVED_FILE_DIR)/Pods-WeatherApp-checkManifestLockResult.txt",
			);
			runOnlyForDeploymentPostprocessing = 0;
			shellPath = /bin/sh;
			shellScript = "diff \"${PODS_PODFILE_DIR_PATH}/Podfile.lock\" \"${PODS_ROOT}/Manifest.lock\" > /dev/null\nif [ $? != 0 ] ; then\n    # print error to STDERR\n    echo \"error: The sandbox is not in sync with the Podfile.lock. Run 'pod install' or update your CocoaPods installation.\" >&2\n    exit 1\nfi\n# This output is used by Xcode 'outputs' to avoid re-running this script phase.\necho \"SUCCESS\" > \"${SCRIPT_OUTPUT_FILE_0}\"\n";
			showEnvVarsInLog = 0;
		};
		B5413700B84FDB5C79AE1868 /* [CP] Embed Pods Frameworks */ = {
			isa = PBXShellScriptBuildPhase;
			buildActionMask = 2147483647;
			files = (
			);
			inputFileListPaths = (
			);
			inputPaths = (
				"${PODS_ROOT}/Target Support Files/Pods-WeatherApp/Pods-WeatherApp-frameworks.sh",
				"${BUILT_PRODUCTS_DIR}/Alamofire/Alamofire.framework",
			);
			name = "[CP] Embed Pods Frameworks";
			outputFileListPaths = (
			);
			outputPaths = (
				"${TARGET_BUILD_DIR}/${FRAMEWORKS_FOLDER_PATH}/Alamofire.framework",
			);
			runOnlyForDeploymentPostprocessing = 0;
			shellPath = /bin/sh;
			shellScript = "\"${PODS_ROOT}/Target Support Files/Pods-WeatherApp/Pods-WeatherApp-frameworks.sh\"\n";
			showEnvVarsInLog = 0;
		};
		C408BA1E05C3E2B0086CEE5A /* [CP] Check Pods Manifest.lock */ = {
			isa = PBXShellScriptBuildPhase;
			buildActionMask = 2147483647;
			files = (
			);
			inputFileListPaths = (
			);
			inputPaths = (
				"${PODS_PODFILE_DIR_PATH}/Podfile.lock",
				"${PODS_ROOT}/Manifest.lock",
			);
			name = "[CP] Check Pods Manifest.lock";
			outputFileListPaths = (
			);
			outputPaths = (
				"$(DERIVED_FILE_DIR)/Pods-WeatherAppTests-checkManifestLockResult.txt",
			);
			runOnlyForDeploymentPostprocessing = 0;
			shellPath = /bin/sh;
			shellScript = "diff \"${PODS_PODFILE_DIR_PATH}/Podfile.lock\" \"${PODS_ROOT}/Manifest.lock\" > /dev/null\nif [ $? != 0 ] ; then\n    # print error to STDERR\n    echo \"error: The sandbox is not in sync with the Podfile.lock. Run 'pod install' or update your CocoaPods installation.\" >&2\n    exit 1\nfi\n# This output is used by Xcode 'outputs' to avoid re-running this script phase.\necho \"SUCCESS\" > \"${SCRIPT_OUTPUT_FILE_0}\"\n";
			showEnvVarsInLog = 0;
		};
		D404E837301C9B1C50910F9A /* [CP] Check Pods Manifest.lock */ = {
			isa = PBXShellScriptBuildPhase;
			buildActionMask = 2147483647;
			files = (
			);
			inputFileListPaths = (
			);
			inputPaths = (
				"${PODS_PODFILE_DIR_PATH}/Podfile.lock",
				"${PODS_ROOT}/Manifest.lock",
			);
			name = "[CP] Check Pods Manifest.lock";
			outputFileListPaths = (
			);
			outputPaths = (
				"$(DERIVED_FILE_DIR)/Pods-WeatherAppUITests-checkManifestLockResult.txt",
			);
			runOnlyForDeploymentPostprocessing = 0;
			shellPath = /bin/sh;
			shellScript = "diff \"${PODS_PODFILE_DIR_PATH}/Podfile.lock\" \"${PODS_ROOT}/Manifest.lock\" > /dev/null\nif [ $? != 0 ] ; then\n    # print error to STDERR\n    echo \"error: The sandbox is not in sync with the Podfile.lock. Run 'pod install' or update your CocoaPods installation.\" >&2\n    exit 1\nfi\n# This output is used by Xcode 'outputs' to avoid re-running this script phase.\necho \"SUCCESS\" > \"${SCRIPT_OUTPUT_FILE_0}\"\n";
			showEnvVarsInLog = 0;
		};
/* End PBXShellScriptBuildPhase section */

/* Begin PBXSourcesBuildPhase section */
		F3B9432A229523980091ABF0 /* Sources */ = {
			isa = PBXSourcesBuildPhase;
			buildActionMask = 2147483647;
			files = (
				F3B94334229523980091ABF0 /* ViewControllerMap.swift in Sources */,
				F3B94332229523980091ABF0 /* AppDelegate.swift in Sources */,
				F3B94364229554CF0091ABF0 /* RequestApi.swift in Sources */,
				F3B94360229527C90091ABF0 /* CitiesData.swift in Sources */,
				F3B94362229538110091ABF0 /* ViewControllerDetail.swift in Sources */,
			);
			runOnlyForDeploymentPostprocessing = 0;
		};
		F3B9433E229523990091ABF0 /* Sources */ = {
			isa = PBXSourcesBuildPhase;
			buildActionMask = 2147483647;
			files = (
				F3B94347229523990091ABF0 /* WeatherAppTests.swift in Sources */,
			);
			runOnlyForDeploymentPostprocessing = 0;
		};
		F3B94349229523990091ABF0 /* Sources */ = {
			isa = PBXSourcesBuildPhase;
			buildActionMask = 2147483647;
			files = (
				F3B94352229523990091ABF0 /* WeatherAppUITests.swift in Sources */,
			);
			runOnlyForDeploymentPostprocessing = 0;
		};
/* End PBXSourcesBuildPhase section */

/* Begin PBXTargetDependency section */
		F3B94344229523990091ABF0 /* PBXTargetDependency */ = {
			isa = PBXTargetDependency;
			target = F3B9432D229523980091ABF0 /* WeatherApp */;
			targetProxy = F3B94343229523990091ABF0 /* PBXContainerItemProxy */;
		};
		F3B9434F229523990091ABF0 /* PBXTargetDependency */ = {
			isa = PBXTargetDependency;
			target = F3B9432D229523980091ABF0 /* WeatherApp */;
			targetProxy = F3B9434E229523990091ABF0 /* PBXContainerItemProxy */;
		};
/* End PBXTargetDependency section */

/* Begin PBXVariantGroup section */
		F3B94335229523980091ABF0 /* Main.storyboard */ = {
			isa = PBXVariantGroup;
			children = (
				F3B94336229523980091ABF0 /* Base */,
			);
			name = Main.storyboard;
			sourceTree = "<group>";
		};
		F3B9433A229523990091ABF0 /* LaunchScreen.storyboard */ = {
			isa = PBXVariantGroup;
			children = (
				F3B9433B229523990091ABF0 /* Base */,
			);
			name = LaunchScreen.storyboard;
			sourceTree = "<group>";
		};
/* End PBXVariantGroup section */

/* Begin XCBuildConfiguration section */
		F3B94354229523990091ABF0 /* Debug */ = {
			isa = XCBuildConfiguration;
			buildSettings = {
				ALWAYS_SEARCH_USER_PATHS = NO;
				CLANG_ANALYZER_NONNULL = YES;
				CLANG_ANALYZER_NUMBER_OBJECT_CONVERSION = YES_AGGRESSIVE;
				CLANG_CXX_LANGUAGE_STANDARD = "gnu++14";
				CLANG_CXX_LIBRARY = "libc++";
				CLANG_ENABLE_MODULES = YES;
				CLANG_ENABLE_OBJC_ARC = YES;
				CLANG_ENABLE_OBJC_WEAK = YES;
				CLANG_WARN_BLOCK_CAPTURE_AUTORELEASING = YES;
				CLANG_WARN_BOOL_CONVERSION = YES;
				CLANG_WARN_COMMA = YES;
				CLANG_WARN_CONSTANT_CONVERSION = YES;
				CLANG_WARN_DEPRECATED_OBJC_IMPLEMENTATIONS = YES;
				CLANG_WARN_DIRECT_OBJC_ISA_USAGE = YES_ERROR;
				CLANG_WARN_DOCUMENTATION_COMMENTS = YES;
				CLANG_WARN_EMPTY_BODY = YES;
				CLANG_WARN_ENUM_CONVERSION = YES;
				CLANG_WARN_INFINITE_RECURSION = YES;
				CLANG_WARN_INT_CONVERSION = YES;
				CLANG_WARN_NON_LITERAL_NULL_CONVERSION = YES;
				CLANG_WARN_OBJC_IMPLICIT_RETAIN_SELF = YES;
				CLANG_WARN_OBJC_LITERAL_CONVERSION = YES;
				CLANG_WARN_OBJC_ROOT_CLASS = YES_ERROR;
				CLANG_WARN_RANGE_LOOP_ANALYSIS = YES;
				CLANG_WARN_STRICT_PROTOTYPES = YES;
				CLANG_WARN_SUSPICIOUS_MOVE = YES;
				CLANG_WARN_UNGUARDED_AVAILABILITY = YES_AGGRESSIVE;
				CLANG_WARN_UNREACHABLE_CODE = YES;
				CLANG_WARN__DUPLICATE_METHOD_MATCH = YES;
				CODE_SIGN_IDENTITY = "iPhone Developer";
				COPY_PHASE_STRIP = NO;
				DEBUG_INFORMATION_FORMAT = dwarf;
				ENABLE_STRICT_OBJC_MSGSEND = YES;
				ENABLE_TESTABILITY = YES;
				GCC_C_LANGUAGE_STANDARD = gnu11;
				GCC_DYNAMIC_NO_PIC = NO;
				GCC_NO_COMMON_BLOCKS = YES;
				GCC_OPTIMIZATION_LEVEL = 0;
				GCC_PREPROCESSOR_DEFINITIONS = (
					"DEBUG=1",
					"$(inherited)",
				);
				GCC_WARN_64_TO_32_BIT_CONVERSION = YES;
				GCC_WARN_ABOUT_RETURN_TYPE = YES_ERROR;
				GCC_WARN_UNDECLARED_SELECTOR = YES;
				GCC_WARN_UNINITIALIZED_AUTOS = YES_AGGRESSIVE;
				GCC_WARN_UNUSED_FUNCTION = YES;
				GCC_WARN_UNUSED_VARIABLE = YES;
				IPHONEOS_DEPLOYMENT_TARGET = 12.1;
				MTL_ENABLE_DEBUG_INFO = INCLUDE_SOURCE;
				MTL_FAST_MATH = YES;
				ONLY_ACTIVE_ARCH = YES;
				SDKROOT = iphoneos;
				SWIFT_ACTIVE_COMPILATION_CONDITIONS = DEBUG;
				SWIFT_OPTIMIZATION_LEVEL = "-Onone";
			};
			name = Debug;
		};
		F3B94355229523990091ABF0 /* Release */ = {
			isa = XCBuildConfiguration;
			buildSettings = {
				ALWAYS_SEARCH_USER_PATHS = NO;
				CLANG_ANALYZER_NONNULL = YES;
				CLANG_ANALYZER_NUMBER_OBJECT_CONVERSION = YES_AGGRESSIVE;
				CLANG_CXX_LANGUAGE_STANDARD = "gnu++14";
				CLANG_CXX_LIBRARY = "libc++";
				CLANG_ENABLE_MODULES = YES;
				CLANG_ENABLE_OBJC_ARC = YES;
				CLANG_ENABLE_OBJC_WEAK = YES;
				CLANG_WARN_BLOCK_CAPTURE_AUTORELEASING = YES;
				CLANG_WARN_BOOL_CONVERSION = YES;
				CLANG_WARN_COMMA = YES;
				CLANG_WARN_CONSTANT_CONVERSION = YES;
				CLANG_WARN_DEPRECATED_OBJC_IMPLEMENTATIONS = YES;
				CLANG_WARN_DIRECT_OBJC_ISA_USAGE = YES_ERROR;
				CLANG_WARN_DOCUMENTATION_COMMENTS = YES;
				CLANG_WARN_EMPTY_BODY = YES;
				CLANG_WARN_ENUM_CONVERSION = YES;
				CLANG_WARN_INFINITE_RECURSION = YES;
				CLANG_WARN_INT_CONVERSION = YES;
				CLANG_WARN_NON_LITERAL_NULL_CONVERSION = YES;
				CLANG_WARN_OBJC_IMPLICIT_RETAIN_SELF = YES;
				CLANG_WARN_OBJC_LITERAL_CONVERSION = YES;
				CLANG_WARN_OBJC_ROOT_CLASS = YES_ERROR;
				CLANG_WARN_RANGE_LOOP_ANALYSIS = YES;
				CLANG_WARN_STRICT_PROTOTYPES = YES;
				CLANG_WARN_SUSPICIOUS_MOVE = YES;
				CLANG_WARN_UNGUARDED_AVAILABILITY = YES_AGGRESSIVE;
				CLANG_WARN_UNREACHABLE_CODE = YES;
				CLANG_WARN__DUPLICATE_METHOD_MATCH = YES;
				CODE_SIGN_IDENTITY = "iPhone Developer";
				COPY_PHASE_STRIP = NO;
				DEBUG_INFORMATION_FORMAT = "dwarf-with-dsym";
				ENABLE_NS_ASSERTIONS = NO;
				ENABLE_STRICT_OBJC_MSGSEND = YES;
				GCC_C_LANGUAGE_STANDARD = gnu11;
				GCC_NO_COMMON_BLOCKS = YES;
				GCC_WARN_64_TO_32_BIT_CONVERSION = YES;
				GCC_WARN_ABOUT_RETURN_TYPE = YES_ERROR;
				GCC_WARN_UNDECLARED_SELECTOR = YES;
				GCC_WARN_UNINITIALIZED_AUTOS = YES_AGGRESSIVE;
				GCC_WARN_UNUSED_FUNCTION = YES;
				GCC_WARN_UNUSED_VARIABLE = YES;
				IPHONEOS_DEPLOYMENT_TARGET = 12.1;
				MTL_ENABLE_DEBUG_INFO = NO;
				MTL_FAST_MATH = YES;
				SDKROOT = iphoneos;
				SWIFT_COMPILATION_MODE = wholemodule;
				SWIFT_OPTIMIZATION_LEVEL = "-O";
				VALIDATE_PRODUCT = YES;
			};
			name = Release;
		};
		F3B94357229523990091ABF0 /* Debug */ = {
			isa = XCBuildConfiguration;
			baseConfigurationReference = 9CDE674D773517BA275F7489 /* Pods-WeatherApp.debug.xcconfig */;
			buildSettings = {
				ASSETCATALOG_COMPILER_APPICON_NAME = AppIcon;
				CODE_SIGN_STYLE = Automatic;
				INFOPLIST_FILE = WeatherApp/Info.plist;
				LD_RUNPATH_SEARCH_PATHS = (
					"$(inherited)",
					"@executable_path/Frameworks",
				);
				PRODUCT_BUNDLE_IDENTIFIER = quentin.WeatherApp;
				PRODUCT_NAME = "$(TARGET_NAME)";
				SWIFT_VERSION = 4.2;
				TARGETED_DEVICE_FAMILY = "1,2";
			};
			name = Debug;
		};
		F3B94358229523990091ABF0 /* Release */ = {
			isa = XCBuildConfiguration;
			baseConfigurationReference = FDBB6378369E408414FC1810 /* Pods-WeatherApp.release.xcconfig */;
			buildSettings = {
				ASSETCATALOG_COMPILER_APPICON_NAME = AppIcon;
				CODE_SIGN_STYLE = Automatic;
				INFOPLIST_FILE = WeatherApp/Info.plist;
				LD_RUNPATH_SEARCH_PATHS = (
					"$(inherited)",
					"@executable_path/Frameworks",
				);
				PRODUCT_BUNDLE_IDENTIFIER = quentin.WeatherApp;
				PRODUCT_NAME = "$(TARGET_NAME)";
				SWIFT_VERSION = 4.2;
				TARGETED_DEVICE_FAMILY = "1,2";
			};
			name = Release;
		};
		F3B9435A229523990091ABF0 /* Debug */ = {
			isa = XCBuildConfiguration;
			baseConfigurationReference = 61699853E745F2FE48CF4AF3 /* Pods-WeatherAppTests.debug.xcconfig */;
			buildSettings = {
				ALWAYS_EMBED_SWIFT_STANDARD_LIBRARIES = YES;
				BUNDLE_LOADER = "$(TEST_HOST)";
				CODE_SIGN_STYLE = Automatic;
				INFOPLIST_FILE = WeatherAppTests/Info.plist;
				LD_RUNPATH_SEARCH_PATHS = (
					"$(inherited)",
					"@executable_path/Frameworks",
					"@loader_path/Frameworks",
				);
				PRODUCT_BUNDLE_IDENTIFIER = quentin.WeatherAppTests;
				PRODUCT_NAME = "$(TARGET_NAME)";
				SWIFT_VERSION = 4.2;
				TARGETED_DEVICE_FAMILY = "1,2";
				TEST_HOST = "$(BUILT_PRODUCTS_DIR)/WeatherApp.app/WeatherApp";
			};
			name = Debug;
		};
		F3B9435B229523990091ABF0 /* Release */ = {
			isa = XCBuildConfiguration;
			baseConfigurationReference = 20767C3E0113579188ADF6AE /* Pods-WeatherAppTests.release.xcconfig */;
			buildSettings = {
				ALWAYS_EMBED_SWIFT_STANDARD_LIBRARIES = YES;
				BUNDLE_LOADER = "$(TEST_HOST)";
				CODE_SIGN_STYLE = Automatic;
				INFOPLIST_FILE = WeatherAppTests/Info.plist;
				LD_RUNPATH_SEARCH_PATHS = (
					"$(inherited)",
					"@executable_path/Frameworks",
					"@loader_path/Frameworks",
				);
				PRODUCT_BUNDLE_IDENTIFIER = quentin.WeatherAppTests;
				PRODUCT_NAME = "$(TARGET_NAME)";
				SWIFT_VERSION = 4.2;
				TARGETED_DEVICE_FAMILY = "1,2";
				TEST_HOST = "$(BUILT_PRODUCTS_DIR)/WeatherApp.app/WeatherApp";
			};
			name = Release;
		};
		F3B9435D229523990091ABF0 /* Debug */ = {
			isa = XCBuildConfiguration;
			baseConfigurationReference = 6061EE76B03E58FB9BCA271D /* Pods-WeatherAppUITests.debug.xcconfig */;
			buildSettings = {
				ALWAYS_EMBED_SWIFT_STANDARD_LIBRARIES = YES;
				CODE_SIGN_STYLE = Automatic;
				INFOPLIST_FILE = WeatherAppUITests/Info.plist;
				LD_RUNPATH_SEARCH_PATHS = (
					"$(inherited)",
					"@executable_path/Frameworks",
					"@loader_path/Frameworks",
				);
				PRODUCT_BUNDLE_IDENTIFIER = quentin.WeatherAppUITests;
				PRODUCT_NAME = "$(TARGET_NAME)";
				SWIFT_VERSION = 4.2;
				TARGETED_DEVICE_FAMILY = "1,2";
				TEST_TARGET_NAME = WeatherApp;
			};
			name = Debug;
		};
		F3B9435E229523990091ABF0 /* Release */ = {
			isa = XCBuildConfiguration;
			baseConfigurationReference = E9E69E4721AD4E0C74BB6E33 /* Pods-WeatherAppUITests.release.xcconfig */;
			buildSettings = {
				ALWAYS_EMBED_SWIFT_STANDARD_LIBRARIES = YES;
				CODE_SIGN_STYLE = Automatic;
				INFOPLIST_FILE = WeatherAppUITests/Info.plist;
				LD_RUNPATH_SEARCH_PATHS = (
					"$(inherited)",
					"@executable_path/Frameworks",
					"@loader_path/Frameworks",
				);
				PRODUCT_BUNDLE_IDENTIFIER = quentin.WeatherAppUITests;
				PRODUCT_NAME = "$(TARGET_NAME)";
				SWIFT_VERSION = 4.2;
				TARGETED_DEVICE_FAMILY = "1,2";
				TEST_TARGET_NAME = WeatherApp;
			};
			name = Release;
		};
/* End XCBuildConfiguration section */

/* Begin XCConfigurationList section */
		F3B94329229523980091ABF0 /* Build configuration list for PBXProject "WeatherApp" */ = {
			isa = XCConfigurationList;
			buildConfigurations = (
				F3B94354229523990091ABF0 /* Debug */,
				F3B94355229523990091ABF0 /* Release */,
			);
			defaultConfigurationIsVisible = 0;
			defaultConfigurationName = Release;
		};
		F3B94356229523990091ABF0 /* Build configuration list for PBXNativeTarget "WeatherApp" */ = {
			isa = XCConfigurationList;
			buildConfigurations = (
				F3B94357229523990091ABF0 /* Debug */,
				F3B94358229523990091ABF0 /* Release */,
			);
			defaultConfigurationIsVisible = 0;
			defaultConfigurationName = Release;
		};
		F3B94359229523990091ABF0 /* Build configuration list for PBXNativeTarget "WeatherAppTests" */ = {
			isa = XCConfigurationList;
			buildConfigurations = (
				F3B9435A229523990091ABF0 /* Debug */,
				F3B9435B229523990091ABF0 /* Release */,
			);
			defaultConfigurationIsVisible = 0;
			defaultConfigurationName = Release;
		};
		F3B9435C229523990091ABF0 /* Build configuration list for PBXNativeTarget "WeatherAppUITests" */ = {
			isa = XCConfigurationList;
			buildConfigurations = (
				F3B9435D229523990091ABF0 /* Debug */,
				F3B9435E229523990091ABF0 /* Release */,
			);
			defaultConfigurationIsVisible = 0;
			defaultConfigurationName = Release;
		};
/* End XCConfigurationList section */
	};
	rootObject = F3B94326229523980091ABF0 /* Project object */;
}
